// !$*UTF8*$!
{
	archiveVersion = 1;
	classes = {
	};
	objectVersion = 55;
	objects = {

/* Begin PBXBuildFile section */
		B57D434729470004003E06B2 /* AddQViewController.swift in Sources */ = {isa = PBXBuildFile; fileRef = B57D434629470004003E06B2 /* AddQViewController.swift */; };
		B5CBF96728CE979D00E30C06 /* AppDelegate.swift in Sources */ = {isa = PBXBuildFile; fileRef = B5CBF96628CE979D00E30C06 /* AppDelegate.swift */; };
		B5CBF96928CE979D00E30C06 /* SceneDelegate.swift in Sources */ = {isa = PBXBuildFile; fileRef = B5CBF96828CE979D00E30C06 /* SceneDelegate.swift */; };
		B5CBF96B28CE979D00E30C06 /* QuizViewController.swift in Sources */ = {isa = PBXBuildFile; fileRef = B5CBF96A28CE979D00E30C06 /* QuizViewController.swift */; };
		B5CBF96E28CE979D00E30C06 /* Main.storyboard in Resources */ = {isa = PBXBuildFile; fileRef = B5CBF96C28CE979D00E30C06 /* Main.storyboard */; };
		B5CBF97028CE97A100E30C06 /* Assets.xcassets in Resources */ = {isa = PBXBuildFile; fileRef = B5CBF96F28CE97A100E30C06 /* Assets.xcassets */; };
		B5CBF97328CE97A100E30C06 /* LaunchScreen.storyboard in Resources */ = {isa = PBXBuildFile; fileRef = B5CBF97128CE97A100E30C06 /* LaunchScreen.storyboard */; };
		B5CBF97E28CE97A100E30C06 /* QuizAppTests.swift in Sources */ = {isa = PBXBuildFile; fileRef = B5CBF97D28CE97A100E30C06 /* QuizAppTests.swift */; };
		B5CBF98828CE97A100E30C06 /* QuizAppUITests.swift in Sources */ = {isa = PBXBuildFile; fileRef = B5CBF98728CE97A100E30C06 /* QuizAppUITests.swift */; };
		B5CBF98A28CE97A100E30C06 /* QuizAppUITestsLaunchTests.swift in Sources */ = {isa = PBXBuildFile; fileRef = B5CBF98928CE97A100E30C06 /* QuizAppUITestsLaunchTests.swift */; };
/* End PBXBuildFile section */

/* Begin PBXContainerItemProxy section */
		B5CBF97A28CE97A100E30C06 /* PBXContainerItemProxy */ = {
			isa = PBXContainerItemProxy;
			containerPortal = B5CBF95B28CE979D00E30C06 /* Project object */;
			proxyType = 1;
			remoteGlobalIDString = B5CBF96228CE979D00E30C06;
			remoteInfo = QuizApp;
		};
		B5CBF98428CE97A100E30C06 /* PBXContainerItemProxy */ = {
			isa = PBXContainerItemProxy;
			containerPortal = B5CBF95B28CE979D00E30C06 /* Project object */;
			proxyType = 1;
			remoteGlobalIDString = B5CBF96228CE979D00E30C06;
			remoteInfo = QuizApp;
		};
/* End PBXContainerItemProxy section */

/* Begin PBXFileReference section */
		B57D434629470004003E06B2 /* AddQViewController.swift */ = {isa = PBXFileReference; lastKnownFileType = sourcecode.swift; path = AddQViewController.swift; sourceTree = "<group>"; };
		B5CBF96328CE979D00E30C06 /* QuizApp.app */ = {isa = PBXFileReference; explicitFileType = wrapper.application; includeInIndex = 0; path = QuizApp.app; sourceTree = BUILT_PRODUCTS_DIR; };
		B5CBF96628CE979D00E30C06 /* AppDelegate.swift */ = {isa = PBXFileReference; lastKnownFileType = sourcecode.swift; path = AppDelegate.swift; sourceTree = "<group>"; };
		B5CBF96828CE979D00E30C06 /* SceneDelegate.swift */ = {isa = PBXFileReference; lastKnownFileType = sourcecode.swift; path = SceneDelegate.swift; sourceTree = "<group>"; };
		B5CBF96A28CE979D00E30C06 /* QuizViewController.swift */ = {isa = PBXFileReference; lastKnownFileType = sourcecode.swift; path = QuizViewController.swift; sourceTree = "<group>"; };
		B5CBF96D28CE979D00E30C06 /* Base */ = {isa = PBXFileReference; lastKnownFileType = file.storyboard; name = Base; path = Base.lproj/Main.storyboard; sourceTree = "<group>"; };
		B5CBF96F28CE97A100E30C06 /* Assets.xcassets */ = {isa = PBXFileReference; lastKnownFileType = folder.assetcatalog; path = Assets.xcassets; sourceTree = "<group>"; };
		B5CBF97228CE97A100E30C06 /* Base */ = {isa = PBXFileReference; lastKnownFileType = file.storyboard; name = Base; path = Base.lproj/LaunchScreen.storyboard; sourceTree = "<group>"; };
		B5CBF97428CE97A100E30C06 /* Info.plist */ = {isa = PBXFileReference; lastKnownFileType = text.plist.xml; path = Info.plist; sourceTree = "<group>"; };
		B5CBF97928CE97A100E30C06 /* QuizAppTests.xctest */ = {isa = PBXFileReference; explicitFileType = wrapper.cfbundle; includeInIndex = 0; path = QuizAppTests.xctest; sourceTree = BUILT_PRODUCTS_DIR; };
		B5CBF97D28CE97A100E30C06 /* QuizAppTests.swift */ = {isa = PBXFileReference; lastKnownFileType = sourcecode.swift; path = QuizAppTests.swift; sourceTree = "<group>"; };
		B5CBF98328CE97A100E30C06 /* QuizAppUITests.xctest */ = {isa = PBXFileReference; explicitFileType = wrapper.cfbundle; includeInIndex = 0; path = QuizAppUITests.xctest; sourceTree = BUILT_PRODUCTS_DIR; };
		B5CBF98728CE97A100E30C06 /* QuizAppUITests.swift */ = {isa = PBXFileReference; lastKnownFileType = sourcecode.swift; path = QuizAppUITests.swift; sourceTree = "<group>"; };
		B5CBF98928CE97A100E30C06 /* QuizAppUITestsLaunchTests.swift */ = {isa = PBXFileReference; lastKnownFileType = sourcecode.swift; path = QuizAppUITestsLaunchTests.swift; sourceTree = "<group>"; };
/* End PBXFileReference section */

/* Begin PBXFrameworksBuildPhase section */
		B5CBF96028CE979D00E30C06 /* Frameworks */ = {
			isa = PBXFrameworksBuildPhase;
			buildActionMask = 2147483647;
			files = (
			);
			runOnlyForDeploymentPostprocessing = 0;
		};
		B5CBF97628CE97A100E30C06 /* Frameworks */ = {
			isa = PBXFrameworksBuildPhase;
			buildActionMask = 2147483647;
			files = (
			);
			runOnlyForDeploymentPostprocessing = 0;
		};
		B5CBF98028CE97A100E30C06 /* Frameworks */ = {
			isa = PBXFrameworksBuildPhase;
			buildActionMask = 2147483647;
			files = (
			);
			runOnlyForDeploymentPostprocessing = 0;
		};
/* End PBXFrameworksBuildPhase section */

/* Begin PBXGroup section */
		B5CBF95A28CE979D00E30C06 = {
			isa = PBXGroup;
			children = (
				B5CBF96528CE979D00E30C06 /* QuizApp */,
				B5CBF97C28CE97A100E30C06 /* QuizAppTests */,
				B5CBF98628CE97A100E30C06 /* QuizAppUITests */,
				B5CBF96428CE979D00E30C06 /* Products */,
			);
			sourceTree = "<group>";
		};
		B5CBF96428CE979D00E30C06 /* Products */ = {
			isa = PBXGroup;
			children = (
				B5CBF96328CE979D00E30C06 /* QuizApp.app */,
				B5CBF97928CE97A100E30C06 /* QuizAppTests.xctest */,
				B5CBF98328CE97A100E30C06 /* QuizAppUITests.xctest */,
			);
			name = Products;
			sourceTree = "<group>";
		};
		B5CBF96528CE979D00E30C06 /* QuizApp */ = {
			isa = PBXGroup;
			children = (
				B5CBF96628CE979D00E30C06 /* AppDelegate.swift */,
				B5CBF96828CE979D00E30C06 /* SceneDelegate.swift */,
				B5CBF96A28CE979D00E30C06 /* QuizViewController.swift */,
				B5CBF96C28CE979D00E30C06 /* Main.storyboard */,
				B5CBF96F28CE97A100E30C06 /* Assets.xcassets */,
				B5CBF97128CE97A100E30C06 /* LaunchScreen.storyboard */,
				B5CBF97428CE97A100E30C06 /* Info.plist */,
				B57D434629470004003E06B2 /* AddQViewController.swift */,
			);
			path = QuizApp;
			sourceTree = "<group>";
		};
		B5CBF97C28CE97A100E30C06 /* QuizAppTests */ = {
			isa = PBXGroup;
			children = (
				B5CBF97D28CE97A100E30C06 /* QuizAppTests.swift */,
			);
			path = QuizAppTests;
			sourceTree = "<group>";
		};
		B5CBF98628CE97A100E30C06 /* QuizAppUITests */ = {
			isa = PBXGroup;
			children = (
				B5CBF98728CE97A100E30C06 /* QuizAppUITests.swift */,
				B5CBF98928CE97A100E30C06 /* QuizAppUITestsLaunchTests.swift */,
			);
			path = QuizAppUITests;
			sourceTree = "<group>";
		};
/* End PBXGroup section */

/* Begin PBXNativeTarget section */
		B5CBF96228CE979D00E30C06 /* QuizApp */ = {
			isa = PBXNativeTarget;
			buildConfigurationList = B5CBF98D28CE97A100E30C06 /* Build configuration list for PBXNativeTarget "QuizApp" */;
			buildPhases = (
				B5CBF95F28CE979D00E30C06 /* Sources */,
				B5CBF96028CE979D00E30C06 /* Frameworks */,
				B5CBF96128CE979D00E30C06 /* Resources */,
			);
			buildRules = (
			);
			dependencies = (
			);
			name = QuizApp;
			productName = QuizApp;
			productReference = B5CBF96328CE979D00E30C06 /* QuizApp.app */;
			productType = "com.apple.product-type.application";
		};
		B5CBF97828CE97A100E30C06 /* QuizAppTests */ = {
			isa = PBXNativeTarget;
			buildConfigurationList = B5CBF99028CE97A100E30C06 /* Build configuration list for PBXNativeTarget "QuizAppTests" */;
			buildPhases = (
				B5CBF97528CE97A100E30C06 /* Sources */,
				B5CBF97628CE97A100E30C06 /* Frameworks */,
				B5CBF97728CE97A100E30C06 /* Resources */,
			);
			buildRules = (
			);
			dependencies = (
				B5CBF97B28CE97A100E30C06 /* PBXTargetDependency */,
			);
			name = QuizAppTests;
			productName = QuizAppTests;
			productReference = B5CBF97928CE97A100E30C06 /* QuizAppTests.xctest */;
			productType = "com.apple.product-type.bundle.unit-test";
		};
		B5CBF98228CE97A100E30C06 /* QuizAppUITests */ = {
			isa = PBXNativeTarget;
			buildConfigurationList = B5CBF99328CE97A100E30C06 /* Build configuration list for PBXNativeTarget "QuizAppUITests" */;
			buildPhases = (
				B5CBF97F28CE97A100E30C06 /* Sources */,
				B5CBF98028CE97A100E30C06 /* Frameworks */,
				B5CBF98128CE97A100E30C06 /* Resources */,
			);
			buildRules = (
			);
			dependencies = (
				B5CBF98528CE97A100E30C06 /* PBXTargetDependency */,
			);
			name = QuizAppUITests;
			productName = QuizAppUITests;
			productReference = B5CBF98328CE97A100E30C06 /* QuizAppUITests.xctest */;
			productType = "com.apple.product-type.bundle.ui-testing";
		};
/* End PBXNativeTarget section */

/* Begin PBXProject section */
		B5CBF95B28CE979D00E30C06 /* Project object */ = {
			isa = PBXProject;
			attributes = {
				BuildIndependentTargetsInParallel = 1;
				LastSwiftUpdateCheck = 1340;
				LastUpgradeCheck = 1340;
				TargetAttributes = {
					B5CBF96228CE979D00E30C06 = {
						CreatedOnToolsVersion = 13.4.1;
					};
					B5CBF97828CE97A100E30C06 = {
						CreatedOnToolsVersion = 13.4.1;
						TestTargetID = B5CBF96228CE979D00E30C06;
					};
					B5CBF98228CE97A100E30C06 = {
						CreatedOnToolsVersion = 13.4.1;
						TestTargetID = B5CBF96228CE979D00E30C06;
					};
				};
			};
			buildConfigurationList = B5CBF95E28CE979D00E30C06 /* Build configuration list for PBXProject "QuizApp" */;
			compatibilityVersion = "Xcode 13.0";
			developmentRegion = en;
			hasScannedForEncodings = 0;
			knownRegions = (
				en,
				Base,
			);
			mainGroup = B5CBF95A28CE979D00E30C06;
			productRefGroup = B5CBF96428CE979D00E30C06 /* Products */;
			projectDirPath = "";
			projectRoot = "";
			targets = (
				B5CBF96228CE979D00E30C06 /* QuizApp */,
				B5CBF97828CE97A100E30C06 /* QuizAppTests */,
				B5CBF98228CE97A100E30C06 /* QuizAppUITests */,
			);
		};
/* End PBXProject section */

/* Begin PBXResourcesBuildPhase section */
		B5CBF96128CE979D00E30C06 /* Resources */ = {
			isa = PBXResourcesBuildPhase;
			buildActionMask = 2147483647;
			files = (
				B5CBF97328CE97A100E30C06 /* LaunchScreen.storyboard in Resources */,
				B5CBF97028CE97A100E30C06 /* Assets.xcassets in Resources */,
				B5CBF96E28CE979D00E30C06 /* Main.storyboard in Resources */,
			);
			runOnlyForDeploymentPostprocessing = 0;
		};
		B5CBF97728CE97A100E30C06 /* Resources */ = {
			isa = PBXResourcesBuildPhase;
			buildActionMask = 2147483647;
			files = (
			);
			runOnlyForDeploymentPostprocessing = 0;
		};
		B5CBF98128CE97A100E30C06 /* Resources */ = {
			isa = PBXResourcesBuildPhase;
			buildActionMask = 2147483647;
			files = (
			);
			runOnlyForDeploymentPostprocessing = 0;
		};
/* End PBXResourcesBuildPhase section */

/* Begin PBXSourcesBuildPhase section */
		B5CBF95F28CE979D00E30C06 /* Sources */ = {
			isa = PBXSourcesBuildPhase;
			buildActionMask = 2147483647;
			files = (
				B57D434729470004003E06B2 /* AddQViewController.swift in Sources */,
				B5CBF96B28CE979D00E30C06 /* QuizViewController.swift in Sources */,
				B5CBF96728CE979D00E30C06 /* AppDelegate.swift in Sources */,
				B5CBF96928CE979D00E30C06 /* SceneDelegate.swift in Sources */,
			);
			runOnlyForDeploymentPostprocessing = 0;
		};
		B5CBF97528CE97A100E30C06 /* Sources */ = {
			isa = PBXSourcesBuildPhase;
			buildActionMask = 2147483647;
			files = (
				B5CBF97E28CE97A100E30C06 /* QuizAppTests.swift in Sources */,
			);
			runOnlyForDeploymentPostprocessing = 0;
		};
		B5CBF97F28CE97A100E30C06 /* Sources */ = {
			isa = PBXSourcesBuildPhase;
			buildActionMask = 2147483647;
			files = (
				B5CBF98828CE97A100E30C06 /* QuizAppUITests.swift in Sources */,
				B5CBF98A28CE97A100E30C06 /* QuizAppUITestsLaunchTests.swift in Sources */,
			);
			runOnlyForDeploymentPostprocessing = 0;
		};
/* End PBXSourcesBuildPhase section */

/* Begin PBXTargetDependency section */
		B5CBF97B28CE97A100E30C06 /* PBXTargetDependency */ = {
			isa = PBXTargetDependency;
			target = B5CBF96228CE979D00E30C06 /* QuizApp */;
			targetProxy = B5CBF97A28CE97A100E30C06 /* PBXContainerItemProxy */;
		};
		B5CBF98528CE97A100E30C06 /* PBXTargetDependency */ = {
			isa = PBXTargetDependency;
			target = B5CBF96228CE979D00E30C06 /* QuizApp */;
			targetProxy = B5CBF98428CE97A100E30C06 /* PBXContainerItemProxy */;
		};
/* End PBXTargetDependency section */

/* Begin PBXVariantGroup section */
		B5CBF96C28CE979D00E30C06 /* Main.storyboard */ = {
			isa = PBXVariantGroup;
			children = (
				B5CBF96D28CE979D00E30C06 /* Base */,
			);
			name = Main.storyboard;
			sourceTree = "<group>";
		};
		B5CBF97128CE97A100E30C06 /* LaunchScreen.storyboard */ = {
			isa = PBXVariantGroup;
			children = (
				B5CBF97228CE97A100E30C06 /* Base */,
			);
			name = LaunchScreen.storyboard;
			sourceTree = "<group>";
		};
/* End PBXVariantGroup section */

/* Begin XCBuildConfiguration section */
		B5CBF98B28CE97A100E30C06 /* Debug */ = {
			isa = XCBuildConfiguration;
			buildSettings = {
				ALWAYS_SEARCH_USER_PATHS = NO;
				CLANG_ANALYZER_NONNULL = YES;
				CLANG_ANALYZER_NUMBER_OBJECT_CONVERSION = YES_AGGRESSIVE;
				CLANG_CXX_LANGUAGE_STANDARD = "gnu++17";
				CLANG_ENABLE_MODULES = YES;
				CLANG_ENABLE_OBJC_ARC = YES;
				CLANG_ENABLE_OBJC_WEAK = YES;
				CLANG_WARN_BLOCK_CAPTURE_AUTORELEASING = YES;
				CLANG_WARN_BOOL_CONVERSION = YES;
				CLANG_WARN_COMMA = YES;
				CLANG_WARN_CONSTANT_CONVERSION = YES;
				CLANG_WARN_DEPRECATED_OBJC_IMPLEMENTATIONS = YES;
				CLANG_WARN_DIRECT_OBJC_ISA_USAGE = YES_ERROR;
				CLANG_WARN_DOCUMENTATION_COMMENTS = YES;
				CLANG_WARN_EMPTY_BODY = YES;
				CLANG_WARN_ENUM_CONVERSION = YES;
				CLANG_WARN_INFINITE_RECURSION = YES;
				CLANG_WARN_INT_CONVERSION = YES;
				CLANG_WARN_NON_LITERAL_NULL_CONVERSION = YES;
				CLANG_WARN_OBJC_IMPLICIT_RETAIN_SELF = YES;
				CLANG_WARN_OBJC_LITERAL_CONVERSION = YES;
				CLANG_WARN_OBJC_ROOT_CLASS = YES_ERROR;
				CLANG_WARN_QUOTED_INCLUDE_IN_FRAMEWORK_HEADER = YES;
				CLANG_WARN_RANGE_LOOP_ANALYSIS = YES;
				CLANG_WARN_STRICT_PROTOTYPES = YES;
				CLANG_WARN_SUSPICIOUS_MOVE = YES;
				CLANG_WARN_UNGUARDED_AVAILABILITY = YES_AGGRESSIVE;
				CLANG_WARN_UNREACHABLE_CODE = YES;
				CLANG_WARN__DUPLICATE_METHOD_MATCH = YES;
				COPY_PHASE_STRIP = NO;
				DEBUG_INFORMATION_FORMAT = dwarf;
				ENABLE_STRICT_OBJC_MSGSEND = YES;
				ENABLE_TESTABILITY = YES;
				GCC_C_LANGUAGE_STANDARD = gnu11;
				GCC_DYNAMIC_NO_PIC = NO;
				GCC_NO_COMMON_BLOCKS = YES;
				GCC_OPTIMIZATION_LEVEL = 0;
				GCC_PREPROCESSOR_DEFINITIONS = (
					"DEBUG=1",
					"$(inherited)",
				);
				GCC_WARN_64_TO_32_BIT_CONVERSION = YES;
				GCC_WARN_ABOUT_RETURN_TYPE = YES_ERROR;
				GCC_WARN_UNDECLARED_SELECTOR = YES;
				GCC_WARN_UNINITIALIZED_AUTOS = YES_AGGRESSIVE;
				GCC_WARN_UNUSED_FUNCTION = YES;
				GCC_WARN_UNUSED_VARIABLE = YES;
				IPHONEOS_DEPLOYMENT_TARGET = 15.5;
				MTL_ENABLE_DEBUG_INFO = INCLUDE_SOURCE;
				MTL_FAST_MATH = YES;
				ONLY_ACTIVE_ARCH = YES;
				SDKROOT = iphoneos;
				SWIFT_ACTIVE_COMPILATION_CONDITIONS = DEBUG;
				SWIFT_OPTIMIZATION_LEVEL = "-Onone";
			};
			name = Debug;
		};
		B5CBF98C28CE97A100E30C06 /* Release */ = {
			isa = XCBuildConfiguration;
			buildSettings = {
				ALWAYS_SEARCH_USER_PATHS = NO;
				CLANG_ANALYZER_NONNULL = YES;
				CLANG_ANALYZER_NUMBER_OBJECT_CONVERSION = YES_AGGRESSIVE;
				CLANG_CXX_LANGUAGE_STANDARD = "gnu++17";
				CLANG_ENABLE_MODULES = YES;
				CLANG_ENABLE_OBJC_ARC = YES;
				CLANG_ENABLE_OBJC_WEAK = YES;
				CLANG_WARN_BLOCK_CAPTURE_AUTORELEASING = YES;
				CLANG_WARN_BOOL_CONVERSION = YES;
				CLANG_WARN_COMMA = YES;
				CLANG_WARN_CONSTANT_CONVERSION = YES;
				CLANG_WARN_DEPRECATED_OBJC_IMPLEMENTATIONS = YES;
				CLANG_WARN_DIRECT_OBJC_ISA_USAGE = YES_ERROR;
				CLANG_WARN_DOCUMENTATION_COMMENTS = YES;
				CLANG_WARN_EMPTY_BODY = YES;
				CLANG_WARN_ENUM_CONVERSION = YES;
				CLANG_WARN_INFINITE_RECURSION = YES;
				CLANG_WARN_INT_CONVERSION = YES;
				CLANG_WARN_NON_LITERAL_NULL_CONVERSION = YES;
				CLANG_WARN_OBJC_IMPLICIT_RETAIN_SELF = YES;
				CLANG_WARN_OBJC_LITERAL_CONVERSION = YES;
				CLANG_WARN_OBJC_ROOT_CLASS = YES_ERROR;
				CLANG_WARN_QUOTED_INCLUDE_IN_FRAMEWORK_HEADER = YES;
				CLANG_WARN_RANGE_LOOP_ANALYSIS = YES;
				CLANG_WARN_STRICT_PROTOTYPES = YES;
				CLANG_WARN_SUSPICIOUS_MOVE = YES;
				CLANG_WARN_UNGUARDED_AVAILABILITY = YES_AGGRESSIVE;
				CLANG_WARN_UNREACHABLE_CODE = YES;
				CLANG_WARN__DUPLICATE_METHOD_MATCH = YES;
				COPY_PHASE_STRIP = NO;
				DEBUG_INFORMATION_FORMAT = "dwarf-with-dsym";
				ENABLE_NS_ASSERTIONS = NO;
				ENABLE_STRICT_OBJC_MSGSEND = YES;
				GCC_C_LANGUAGE_STANDARD = gnu11;
				GCC_NO_COMMON_BLOCKS = YES;
				GCC_WARN_64_TO_32_BIT_CONVERSION = YES;
				GCC_WARN_ABOUT_RETURN_TYPE = YES_ERROR;
				GCC_WARN_UNDECLARED_SELECTOR = YES;
				GCC_WARN_UNINITIALIZED_AUTOS = YES_AGGRESSIVE;
				GCC_WARN_UNUSED_FUNCTION = YES;
				GCC_WARN_UNUSED_VARIABLE = YES;
				IPHONEOS_DEPLOYMENT_TARGET = 15.5;
				MTL_ENABLE_DEBUG_INFO = NO;
				MTL_FAST_MATH = YES;
				SDKROOT = iphoneos;
				SWIFT_COMPILATION_MODE = wholemodule;
				SWIFT_OPTIMIZATION_LEVEL = "-O";
				VALIDATE_PRODUCT = YES;
			};
			name = Release;
		};
		B5CBF98E28CE97A100E30C06 /* Debug */ = {
			isa = XCBuildConfiguration;
			buildSettings = {
				ASSETCATALOG_COMPILER_APPICON_NAME = AppIcon;
				ASSETCATALOG_COMPILER_GLOBAL_ACCENT_COLOR_NAME = AccentColor;
				CODE_SIGN_STYLE = Automatic;
				CURRENT_PROJECT_VERSION = 1;
				GENERATE_INFOPLIST_FILE = YES;
				INFOPLIST_FILE = QuizApp/Info.plist;
				INFOPLIST_KEY_UIApplicationSupportsIndirectInputEvents = YES;
				INFOPLIST_KEY_UILaunchStoryboardName = LaunchScreen;
				INFOPLIST_KEY_UIMainStoryboardFile = Main;
				INFOPLIST_KEY_UISupportedInterfaceOrientations = UIInterfaceOrientationPortrait;
				INFOPLIST_KEY_UISupportedInterfaceOrientations_iPad = "UIInterfaceOrientationPortrait UIInterfaceOrientationPortraitUpsideDown UIInterfaceOrientationLandscapeLeft UIInterfaceOrientationLandscapeRight";
				INFOPLIST_KEY_UISupportedInterfaceOrientations_iPhone = "UIInterfaceOrientationPortrait UIInterfaceOrientationLandscapeLeft UIInterfaceOrientationLandscapeRight";
				IPHONEOS_DEPLOYMENT_TARGET = 15.2;
				LD_RUNPATH_SEARCH_PATHS = (
					"$(inherited)",
					"@executable_path/Frameworks",
				);
				MARKETING_VERSION = 1.0;
				PRODUCT_BUNDLE_IDENTIFIER = ttruong.QuizApp;
				PRODUCT_NAME = "$(TARGET_NAME)";
				SWIFT_EMIT_LOC_STRINGS = YES;
				SWIFT_VERSION = 5.0;
				TARGETED_DEVICE_FAMILY = "1,2";
			};
			name = Debug;
		};
		B5CBF98F28CE97A100E30C06 /* Release */ = {
			isa = XCBuildConfiguration;
			buildSettings = {
				ASSETCATALOG_COMPILER_APPICON_NAME = AppIcon;
				ASSETCATALOG_COMPILER_GLOBAL_ACCENT_COLOR_NAME = AccentColor;
				CODE_SIGN_STYLE = Automatic;
				CURRENT_PROJECT_VERSION = 1;
				GENERATE_INFOPLIST_FILE = YES;
				INFOPLIST_FILE = QuizApp/Info.plist;
				INFOPLIST_KEY_UIApplicationSupportsIndirectInputEvents = YES;
				INFOPLIST_KEY_UILaunchStoryboardName = LaunchScreen;
				INFOPLIST_KEY_UIMainStoryboardFile = Main;
				INFOPLIST_KEY_UISupportedInterfaceOrientations = UIInterfaceOrientationPortrait;
				INFOPLIST_KEY_UISupportedInterfaceOrientations_iPad = "UIInterfaceOrientationPortrait UIInterfaceOrientationPortraitUpsideDown UIInterfaceOrientationLandscapeLeft UIInterfaceOrientationLandscapeRight";
				INFOPLIST_KEY_UISupportedInterfaceOrientations_iPhone = "UIInterfaceOrientationPortrait UIInterfaceOrientationLandscapeLeft UIInterfaceOrientationLandscapeRight";
				IPHONEOS_DEPLOYMENT_TARGET = 15.2;
				LD_RUNPATH_SEARCH_PATHS = (
					"$(inherited)",
					"@executable_path/Frameworks",
				);
				MARKETING_VERSION = 1.0;
				PRODUCT_BUNDLE_IDENTIFIER = ttruong.QuizApp;
				PRODUCT_NAME = "$(TARGET_NAME)";
				SWIFT_EMIT_LOC_STRINGS = YES;
				SWIFT_VERSION = 5.0;
				TARGETED_DEVICE_FAMILY = "1,2";
			};
			name = Release;
		};
		B5CBF99128CE97A100E30C06 /* Debug */ = {
			isa = XCBuildConfiguration;
			buildSettings = {
				ALWAYS_EMBED_SWIFT_STANDARD_LIBRARIES = YES;
				BUNDLE_LOADER = "$(TEST_HOST)";
				CODE_SIGN_STYLE = Automatic;
				CURRENT_PROJECT_VERSION = 1;
				GENERATE_INFOPLIST_FILE = YES;
				IPHONEOS_DEPLOYMENT_TARGET = 15.5;
				MARKETING_VERSION = 1.0;
				PRODUCT_BUNDLE_IDENTIFIER = ttruong.QuizAppTests;
				PRODUCT_NAME = "$(TARGET_NAME)";
				SWIFT_EMIT_LOC_STRINGS = NO;
				SWIFT_VERSION = 5.0;
				TARGETED_DEVICE_FAMILY = "1,2";
				TEST_HOST = "$(BUILT_PRODUCTS_DIR)/QuizApp.app/QuizApp";
			};
			name = Debug;
		};
		B5CBF99228CE97A100E30C06 /* Release */ = {
			isa = XCBuildConfiguration;
			buildSettings = {
				ALWAYS_EMBED_SWIFT_STANDARD_LIBRARIES = YES;
				BUNDLE_LOADER = "$(TEST_HOST)";
				CODE_SIGN_STYLE = Automatic;
				CURRENT_PROJECT_VERSION = 1;
				GENERATE_INFOPLIST_FILE = YES;
				IPHONEOS_DEPLOYMENT_TARGET = 15.5;
				MARKETING_VERSION = 1.0;
				PRODUCT_BUNDLE_IDENTIFIER = ttruong.QuizAppTests;
				PRODUCT_NAME = "$(TARGET_NAME)";
				SWIFT_EMIT_LOC_STRINGS = NO;
				SWIFT_VERSION = 5.0;
				TARGETED_DEVICE_FAMILY = "1,2";
				TEST_HOST = "$(BUILT_PRODUCTS_DIR)/QuizApp.app/QuizApp";
			};
			name = Release;
		};
		B5CBF99428CE97A100E30C06 /* Debug */ = {
			isa = XCBuildConfiguration;
			buildSettings = {
				ALWAYS_EMBED_SWIFT_STANDARD_LIBRARIES = YES;
				CODE_SIGN_STYLE = Automatic;
				CURRENT_PROJECT_VERSION = 1;
				GENERATE_INFOPLIST_FILE = YES;
				MARKETING_VERSION = 1.0;
				PRODUCT_BUNDLE_IDENTIFIER = ttruong.QuizAppUITests;
				PRODUCT_NAME = "$(TARGET_NAME)";
				SWIFT_EMIT_LOC_STRINGS = NO;
				SWIFT_VERSION = 5.0;
				TARGETED_DEVICE_FAMILY = "1,2";
				TEST_TARGET_NAME = QuizApp;
			};
			name = Debug;
		};
		B5CBF99528CE97A100E30C06 /* Release */ = {
			isa = XCBuildConfiguration;
			buildSettings = {
				ALWAYS_EMBED_SWIFT_STANDARD_LIBRARIES = YES;
				CODE_SIGN_STYLE = Automatic;
				CURRENT_PROJECT_VERSION = 1;
				GENERATE_INFOPLIST_FILE = YES;
				MARKETING_VERSION = 1.0;
				PRODUCT_BUNDLE_IDENTIFIER = ttruong.QuizAppUITests;
				PRODUCT_NAME = "$(TARGET_NAME)";
				SWIFT_EMIT_LOC_STRINGS = NO;
				SWIFT_VERSION = 5.0;
				TARGETED_DEVICE_FAMILY = "1,2";
				TEST_TARGET_NAME = QuizApp;
			};
			name = Release;
		};
/* End XCBuildConfiguration section */

/* Begin XCConfigurationList section */
		B5CBF95E28CE979D00E30C06 /* Build configuration list for PBXProject "QuizApp" */ = {
			isa = XCConfigurationList;
			buildConfigurations = (
				B5CBF98B28CE97A100E30C06 /* Debug */,
				B5CBF98C28CE97A100E30C06 /* Release */,
			);
			defaultConfigurationIsVisible = 0;
			defaultConfigurationName = Release;
		};
		B5CBF98D28CE97A100E30C06 /* Build configuration list for PBXNativeTarget "QuizApp" */ = {
			isa = XCConfigurationList;
			buildConfigurations = (
				B5CBF98E28CE97A100E30C06 /* Debug */,
				B5CBF98F28CE97A100E30C06 /* Release */,
			);
			defaultConfigurationIsVisible = 0;
			defaultConfigurationName = Release;
		};
		B5CBF99028CE97A100E30C06 /* Build configuration list for PBXNativeTarget "QuizAppTests" */ = {
			isa = XCConfigurationList;
			buildConfigurations = (
				B5CBF99128CE97A100E30C06 /* Debug */,
				B5CBF99228CE97A100E30C06 /* Release */,
			);
			defaultConfigurationIsVisible = 0;
			defaultConfigurationName = Release;
		};
		B5CBF99328CE97A100E30C06 /* Build configuration list for PBXNativeTarget "QuizAppUITests" */ = {
			isa = XCConfigurationList;
			buildConfigurations = (
				B5CBF99428CE97A100E30C06 /* Debug */,
				B5CBF99528CE97A100E30C06 /* Release */,
			);
			defaultConfigurationIsVisible = 0;
			defaultConfigurationName = Release;
		};
/* End XCConfigurationList section */
	};
	rootObject = B5CBF95B28CE979D00E30C06 /* Project object */;
}
